{
  "name": "Pokemon-IV-Test",
  "version": "1.0.0",
  "lockfileVersion": 1,
  "requires": true,
  "dependencies": {
    "pokemagic": {
      "version": "2.0.0",
      "resolved": "https://registry.npmjs.org/pokemagic/-/pokemagic-2.0.0.tgz",
      "integrity": "sha512-HuDOCHppt+GJ35QmRf1PUYwysW83H8vzu8JZWzyOCWbXvPyyh/0+AyELSrEcUSdy3nj/mGaHT57/TVZWINoYPA=="
    }
  }
}
